
Microsoft Visual Studio Solution File, Format Version 12.00
# Visual Studio 15
VisualStudioVersion = 15.0.27703.2035
MinimumVisualStudioVersion = 10.0.40219.1
Project("{FAE04EC0-301F-11D3-BF4B-00C04F79EFBC}") = "Appointments", "Appointments\Appointments.csproj", "{A7B1EB3A-2AC4-4793-8EAB-30EE7BA256C5}"
EndProject
Project("{FAE04EC0-301F-11D3-BF4B-00C04F79EFBC}") = "Appointments.Services", "Appointments.Services\Appointments.Services.csproj", "{D11FB7A0-B06B-41D9-A904-5FAF5FC20CD6}"
EndProject
Project("{FAE04EC0-301F-11D3-BF4B-00C04F79EFBC}") = "Appointments.Repositories", "Appointments.Repositories\Appointments.Repositories.csproj", "{68619FCC-27B5-4B29-B09D-DAAB79619EB5}"
EndProject
Global
	GlobalSection(SolutionConfigurationPlatforms) = preSolution
		Debug|Any CPU = Debug|Any CPU
		Release|Any CPU = Release|Any CPU
	EndGlobalSection
	GlobalSection(ProjectConfigurationPlatforms) = postSolution
		{A7B1EB3A-2AC4-4793-8EAB-30EE7BA256C5}.Debug|Any CPU.ActiveCfg = Debug|Any CPU
		{A7B1EB3A-2AC4-4793-8EAB-30EE7BA256C5}.Debug|Any CPU.Build.0 = Debug|Any CPU
		{A7B1EB3A-2AC4-4793-8EAB-30EE7BA256C5}.Release|Any CPU.ActiveCfg = Release|Any CPU
		{A7B1EB3A-2AC4-4793-8EAB-30EE7BA256C5}.Release|Any CPU.Build.0 = Release|Any CPU
		{D11FB7A0-B06B-41D9-A904-5FAF5FC20CD6}.Debug|Any CPU.ActiveCfg = Debug|Any CPU
		{D11FB7A0-B06B-41D9-A904-5FAF5FC20CD6}.Debug|Any CPU.Build.0 = Debug|Any CPU
		{D11FB7A0-B06B-41D9-A904-5FAF5FC20CD6}.Release|Any CPU.ActiveCfg = Release|Any CPU
		{D11FB7A0-B06B-41D9-A904-5FAF5FC20CD6}.Release|Any CPU.Build.0 = Release|Any CPU
		{68619FCC-27B5-4B29-B09D-DAAB79619EB5}.Debug|Any CPU.ActiveCfg = Debug|Any CPU
		{68619FCC-27B5-4B29-B09D-DAAB79619EB5}.Debug|Any CPU.Build.0 = Debug|Any CPU
		{68619FCC-27B5-4B29-B09D-DAAB79619EB5}.Release|Any CPU.ActiveCfg = Release|Any CPU
		{68619FCC-27B5-4B29-B09D-DAAB79619EB5}.Release|Any CPU.Build.0 = Release|Any CPU
	EndGlobalSection
	GlobalSection(SolutionProperties) = preSolution
		HideSolutionNode = FALSE
	EndGlobalSection
	GlobalSection(ExtensibilityGlobals) = postSolution
		SolutionGuid = {DF369849-2B04-4FF7-B3CE-5AB65D63F7A3}
	EndGlobalSection
EndGlobal
